
Microsoft Visual Studio Solution File, Format Version 12.00
# Visual Studio Version 17
VisualStudioVersion = 17.1.32104.313
MinimumVisualStudioVersion = 10.0.40219.1
Project("{656346D9-4656-40DA-A068-22D5425D4639}") = "NovumLauncherSwiftUi", "NovumLauncherSwiftUi\NovumLauncherSwiftUi.elements", "{C48F3BBD-8B5F-4657-8940-BE231E4FC58E}"
EndProject
Project("{FAE04EC0-301F-11D3-BF4B-00C04F79EFBC}") = "ViewModelSwiftUi", "ViewModelSwiftUi\ViewModelSwiftUi.csproj", "{BD952E6A-21D2-41C3-94AC-7FDF0B9FBFA9}"
EndProject
Project("{8BC9CEB8-8B4A-11D0-8D11-00A0C91BC942}") = "ApiHooks", "ApiHooks\ApiHooks.vcxproj", "{78AF24A6-99CE-4CEB-B198-7EC0530FC980}"
EndProject
Project("{9A19103F-16F7-4668-BE54-9A1E7A4F7556}") = "Common", "Common\Common.csproj", "{645D5477-EE2C-4E23-9ABD-8D5D2666022A}"
EndProject
Global
	GlobalSection(SolutionConfigurationPlatforms) = preSolution
		Debug|Any CPU = Debug|Any CPU
		Debug|x86 = Debug|x86
		Release|Any CPU = Release|Any CPU
		Release|x86 = Release|x86
	EndGlobalSection
	GlobalSection(ProjectConfigurationPlatforms) = postSolution
		{C48F3BBD-8B5F-4657-8940-BE231E4FC58E}.Debug|Any CPU.ActiveCfg = Debug
		{C48F3BBD-8B5F-4657-8940-BE231E4FC58E}.Debug|Any CPU.Build.0 = Debug
		{C48F3BBD-8B5F-4657-8940-BE231E4FC58E}.Debug|x86.ActiveCfg = Debug
		{C48F3BBD-8B5F-4657-8940-BE231E4FC58E}.Debug|x86.Build.0 = Debug
		{C48F3BBD-8B5F-4657-8940-BE231E4FC58E}.Release|Any CPU.ActiveCfg = Release
		{C48F3BBD-8B5F-4657-8940-BE231E4FC58E}.Release|Any CPU.Build.0 = Release
		{C48F3BBD-8B5F-4657-8940-BE231E4FC58E}.Release|x86.ActiveCfg = Release
		{C48F3BBD-8B5F-4657-8940-BE231E4FC58E}.Release|x86.Build.0 = Release
		{BD952E6A-21D2-41C3-94AC-7FDF0B9FBFA9}.Debug|Any CPU.ActiveCfg = Debug|Any CPU
		{BD952E6A-21D2-41C3-94AC-7FDF0B9FBFA9}.Debug|Any CPU.Build.0 = Debug|Any CPU
		{BD952E6A-21D2-41C3-94AC-7FDF0B9FBFA9}.Debug|x86.ActiveCfg = Debug|Any CPU
		{BD952E6A-21D2-41C3-94AC-7FDF0B9FBFA9}.Debug|x86.Build.0 = Debug|Any CPU
		{BD952E6A-21D2-41C3-94AC-7FDF0B9FBFA9}.Release|Any CPU.ActiveCfg = Release|Any CPU
		{BD952E6A-21D2-41C3-94AC-7FDF0B9FBFA9}.Release|Any CPU.Build.0 = Release|Any CPU
		{BD952E6A-21D2-41C3-94AC-7FDF0B9FBFA9}.Release|x86.ActiveCfg = Release|Any CPU
		{BD952E6A-21D2-41C3-94AC-7FDF0B9FBFA9}.Release|x86.Build.0 = Release|Any CPU
		{78AF24A6-99CE-4CEB-B198-7EC0530FC980}.Debug|Any CPU.ActiveCfg = Debug|Win32
		{78AF24A6-99CE-4CEB-B198-7EC0530FC980}.Debug|Any CPU.Build.0 = Debug|Win32
		{78AF24A6-99CE-4CEB-B198-7EC0530FC980}.Debug|x86.ActiveCfg = Debug|Win32
		{78AF24A6-99CE-4CEB-B198-7EC0530FC980}.Debug|x86.Build.0 = Debug|Win32
		{78AF24A6-99CE-4CEB-B198-7EC0530FC980}.Release|Any CPU.ActiveCfg = Release|Win32
		{78AF24A6-99CE-4CEB-B198-7EC0530FC980}.Release|Any CPU.Build.0 = Release|Win32
		{78AF24A6-99CE-4CEB-B198-7EC0530FC980}.Release|x86.ActiveCfg = Release|Win32
		{78AF24A6-99CE-4CEB-B198-7EC0530FC980}.Release|x86.Build.0 = Release|Win32
		{645D5477-EE2C-4E23-9ABD-8D5D2666022A}.Debug|Any CPU.ActiveCfg = Debug|x86
		{645D5477-EE2C-4E23-9ABD-8D5D2666022A}.Debug|Any CPU.Build.0 = Debug|x86
		{645D5477-EE2C-4E23-9ABD-8D5D2666022A}.Debug|x86.ActiveCfg = Debug|x86
		{645D5477-EE2C-4E23-9ABD-8D5D2666022A}.Debug|x86.Build.0 = Debug|x86
		{645D5477-EE2C-4E23-9ABD-8D5D2666022A}.Release|Any CPU.ActiveCfg = Release|x86
		{645D5477-EE2C-4E23-9ABD-8D5D2666022A}.Release|Any CPU.Build.0 = Release|x86
		{645D5477-EE2C-4E23-9ABD-8D5D2666022A}.Release|x86.ActiveCfg = Release|x86
		{645D5477-EE2C-4E23-9ABD-8D5D2666022A}.Release|x86.Build.0 = Release|x86
	EndGlobalSection
	GlobalSection(SolutionProperties) = preSolution
		HideSolutionNode = FALSE
	EndGlobalSection
	GlobalSection(ExtensibilityGlobals) = postSolution
		SolutionGuid = {56542F85-8A2B-45BE-B18F-0A740FC21873}
	EndGlobalSection
EndGlobal
